
Microsoft Visual Studio Solution File, Format Version 12.00
# Visual Studio Version 17
VisualStudioVersion = 17.5.33424.131
MinimumVisualStudioVersion = 10.0.40219.1
Project("{FAE04EC0-301F-11D3-BF4B-00C04F79EFBC}") = "LibApp", "LibApp\LibApp.csproj", "{53343508-0D9C-445B-B66B-35A6ECBC8AC1}"
EndProject
Global
	GlobalSection(SolutionConfigurationPlatforms) = preSolution
		Debug|Any CPU = Debug|Any CPU
		Release|Any CPU = Release|Any CPU
	EndGlobalSection
	GlobalSection(ProjectConfigurationPlatforms) = postSolution
		{53343508-0D9C-445B-B66B-35A6ECBC8AC1}.Debug|Any CPU.ActiveCfg = Debug|Any CPU
		{53343508-0D9C-445B-B66B-35A6ECBC8AC1}.Debug|Any CPU.Build.0 = Debug|Any CPU
		{53343508-0D9C-445B-B66B-35A6ECBC8AC1}.Release|Any CPU.ActiveCfg = Release|Any CPU
		{53343508-0D9C-445B-B66B-35A6ECBC8AC1}.Release|Any CPU.Build.0 = Release|Any CPU
	EndGlobalSection
	GlobalSection(SolutionProperties) = preSolution
		HideSolutionNode = FALSE
	EndGlobalSection
	GlobalSection(ExtensibilityGlobals) = postSolution
		SolutionGuid = {14651624-4BF9-4E78-AB5D-487C66402587}
	EndGlobalSection
EndGlobal
